
Microsoft Visual Studio Solution File, Format Version 12.00
# Visual Studio Version 17
VisualStudioVersion = 17.10.35122.118
MinimumVisualStudioVersion = 10.0.40219.1
Project("{FAE04EC0-301F-11D3-BF4B-00C04F79EFBC}") = "LoginForm", "LoginForm\LoginForm.csproj", "{4A3D0860-603B-4946-ABA1-CD09092E6CE9}"
EndProject
Global
	GlobalSection(SolutionConfigurationPlatforms) = preSolution
		Debug|Any CPU = Debug|Any CPU
		Release|Any CPU = Release|Any CPU
	EndGlobalSection
	GlobalSection(ProjectConfigurationPlatforms) = postSolution
		{4A3D0860-603B-4946-ABA1-CD09092E6CE9}.Debug|Any CPU.ActiveCfg = Debug|Any CPU
		{4A3D0860-603B-4946-ABA1-CD09092E6CE9}.Debug|Any CPU.Build.0 = Debug|Any CPU
		{4A3D0860-603B-4946-ABA1-CD09092E6CE9}.Release|Any CPU.ActiveCfg = Release|Any CPU
		{4A3D0860-603B-4946-ABA1-CD09092E6CE9}.Release|Any CPU.Build.0 = Release|Any CPU
	EndGlobalSection
	GlobalSection(SolutionProperties) = preSolution
		HideSolutionNode = FALSE
	EndGlobalSection
	GlobalSection(ExtensibilityGlobals) = postSolution
		SolutionGuid = {916A4075-2770-4872-B4D4-66AA5EFBAF23}
	EndGlobalSection
EndGlobal
